
Microsoft Visual Studio Solution File, Format Version 12.00
# Visual Studio Version 16
VisualStudioVersion = 16.0.31205.134
MinimumVisualStudioVersion = 10.0.40219.1
Project("{FAE04EC0-301F-11D3-BF4B-00C04F79EFBC}") = "T1_Nurrafi_XIRPLB", "T1_Nurrafi_XIRPLB\T1_Nurrafi_XIRPLB.csproj", "{74161D60-C42C-4F75-968B-E899E13D796B}"
EndProject
Global
	GlobalSection(SolutionConfigurationPlatforms) = preSolution
		Debug|Any CPU = Debug|Any CPU
		Release|Any CPU = Release|Any CPU
	EndGlobalSection
	GlobalSection(ProjectConfigurationPlatforms) = postSolution
		{74161D60-C42C-4F75-968B-E899E13D796B}.Debug|Any CPU.ActiveCfg = Debug|Any CPU
		{74161D60-C42C-4F75-968B-E899E13D796B}.Debug|Any CPU.Build.0 = Debug|Any CPU
		{74161D60-C42C-4F75-968B-E899E13D796B}.Release|Any CPU.ActiveCfg = Release|Any CPU
		{74161D60-C42C-4F75-968B-E899E13D796B}.Release|Any CPU.Build.0 = Release|Any CPU
	EndGlobalSection
	GlobalSection(SolutionProperties) = preSolution
		HideSolutionNode = FALSE
	EndGlobalSection
	GlobalSection(ExtensibilityGlobals) = postSolution
		SolutionGuid = {D604BC9C-C1F8-4A0D-9F17-4041656CEEF0}
	EndGlobalSection
EndGlobal
